name: Update `flake.lock`
on:
  workflow_dispatch: # allows manual triggering
  schedule:
    - cron: "0 6 * * *" # runs daily at 6 AM UTC

jobs:
  lockfile:
    runs-on: ubuntu-latest
    permissions:
      id-token: write
      contents: read
      pull-requests: write
    steps:
      - uses: actions/checkout@v4
      - uses: DeterminateSystems/determinate-nix-action@v3
      - uses: DeterminateSystems/flakehub-cache-action@main
      - uses: DeterminateSystems/update-flake-lock@main
        with:
          token: ${{ secrets.GH_TOKEN_FOR_UPDATES }}
          pr-labels: |
            automerge
